// !$*UTF8*$!
{
	archiveVersion = 1;
	classes = {
	};
	objectVersion = 56;
	objects = {

/* Begin PBXBuildFile section */
		03A75DC32C138FFA007B756C /* PhotoSaverApp.swift in Sources */ = {isa = PBXBuildFile; fileRef = 03A75DC22C138FFA007B756C /* PhotoSaverApp.swift */; };
		03A75DC52C138FFA007B756C /* ContentView.swift in Sources */ = {isa = PBXBuildFile; fileRef = 03A75DC42C138FFA007B756C /* ContentView.swift */; };
		03A75DC72C138FFB007B756C /* Assets.xcassets in Resources */ = {isa = PBXBuildFile; fileRef = 03A75DC62C138FFB007B756C /* Assets.xcassets */; };
		03A75DCA2C138FFB007B756C /* Preview Assets.xcassets in Resources */ = {isa = PBXBuildFile; fileRef = 03A75DC92C138FFB007B756C /* Preview Assets.xcassets */; };
		03A75DD42C138FFC007B756C /* PhotoSaverTests.swift in Sources */ = {isa = PBXBuildFile; fileRef = 03A75DD32C138FFC007B756C /* PhotoSaverTests.swift */; };
		03A75DDE2C138FFC007B756C /* PhotoSaverUITests.swift in Sources */ = {isa = PBXBuildFile; fileRef = 03A75DDD2C138FFC007B756C /* PhotoSaverUITests.swift */; };
		03A75DE02C138FFC007B756C /* PhotoSaverUITestsLaunchTests.swift in Sources */ = {isa = PBXBuildFile; fileRef = 03A75DDF2C138FFC007B756C /* PhotoSaverUITestsLaunchTests.swift */; };
		03A75DEF2C13956C007B756C /* PhotoItem.swift in Sources */ = {isa = PBXBuildFile; fileRef = 03A75DEE2C13956C007B756C /* PhotoItem.swift */; };
		03A75DF12C140EEC007B756C /* EditImage.swift in Sources */ = {isa = PBXBuildFile; fileRef = 03A75DF02C140EEC007B756C /* EditImage.swift */; };
/* End PBXBuildFile section */

/* Begin PBXContainerItemProxy section */
		03A75DD02C138FFC007B756C /* PBXContainerItemProxy */ = {
			isa = PBXContainerItemProxy;
			containerPortal = 03A75DB72C138FFA007B756C /* Project object */;
			proxyType = 1;
			remoteGlobalIDString = 03A75DBE2C138FFA007B756C;
			remoteInfo = PhotoSaver;
		};
		03A75DDA2C138FFC007B756C /* PBXContainerItemProxy */ = {
			isa = PBXContainerItemProxy;
			containerPortal = 03A75DB72C138FFA007B756C /* Project object */;
			proxyType = 1;
			remoteGlobalIDString = 03A75DBE2C138FFA007B756C;
			remoteInfo = PhotoSaver;
		};
/* End PBXContainerItemProxy section */

/* Begin PBXFileReference section */
		03A75DBF2C138FFA007B756C /* PhotoSaver.app */ = {isa = PBXFileReference; explicitFileType = wrapper.application; includeInIndex = 0; path = PhotoSaver.app; sourceTree = BUILT_PRODUCTS_DIR; };
		03A75DC22C138FFA007B756C /* PhotoSaverApp.swift */ = {isa = PBXFileReference; lastKnownFileType = sourcecode.swift; path = PhotoSaverApp.swift; sourceTree = "<group>"; };
		03A75DC42C138FFA007B756C /* ContentView.swift */ = {isa = PBXFileReference; lastKnownFileType = sourcecode.swift; path = ContentView.swift; sourceTree = "<group>"; };
		03A75DC62C138FFB007B756C /* Assets.xcassets */ = {isa = PBXFileReference; lastKnownFileType = folder.assetcatalog; path = Assets.xcassets; sourceTree = "<group>"; };
		03A75DC92C138FFB007B756C /* Preview Assets.xcassets */ = {isa = PBXFileReference; lastKnownFileType = folder.assetcatalog; path = "Preview Assets.xcassets"; sourceTree = "<group>"; };
		03A75DCF2C138FFC007B756C /* PhotoSaverTests.xctest */ = {isa = PBXFileReference; explicitFileType = wrapper.cfbundle; includeInIndex = 0; path = PhotoSaverTests.xctest; sourceTree = BUILT_PRODUCTS_DIR; };
		03A75DD32C138FFC007B756C /* PhotoSaverTests.swift */ = {isa = PBXFileReference; lastKnownFileType = sourcecode.swift; path = PhotoSaverTests.swift; sourceTree = "<group>"; };
		03A75DD92C138FFC007B756C /* PhotoSaverUITests.xctest */ = {isa = PBXFileReference; explicitFileType = wrapper.cfbundle; includeInIndex = 0; path = PhotoSaverUITests.xctest; sourceTree = BUILT_PRODUCTS_DIR; };
		03A75DDD2C138FFC007B756C /* PhotoSaverUITests.swift */ = {isa = PBXFileReference; lastKnownFileType = sourcecode.swift; path = PhotoSaverUITests.swift; sourceTree = "<group>"; };
		03A75DDF2C138FFC007B756C /* PhotoSaverUITestsLaunchTests.swift */ = {isa = PBXFileReference; lastKnownFileType = sourcecode.swift; path = PhotoSaverUITestsLaunchTests.swift; sourceTree = "<group>"; };
		03A75DEE2C13956C007B756C /* PhotoItem.swift */ = {isa = PBXFileReference; lastKnownFileType = sourcecode.swift; path = PhotoItem.swift; sourceTree = "<group>"; };
		03A75DF02C140EEC007B756C /* EditImage.swift */ = {isa = PBXFileReference; lastKnownFileType = sourcecode.swift; path = EditImage.swift; sourceTree = "<group>"; };
/* End PBXFileReference section */

/* Begin PBXFrameworksBuildPhase section */
		03A75DBC2C138FFA007B756C /* Frameworks */ = {
			isa = PBXFrameworksBuildPhase;
			buildActionMask = 2147483647;
			files = (
			);
			runOnlyForDeploymentPostprocessing = 0;
		};
		03A75DCC2C138FFC007B756C /* Frameworks */ = {
			isa = PBXFrameworksBuildPhase;
			buildActionMask = 2147483647;
			files = (
			);
			runOnlyForDeploymentPostprocessing = 0;
		};
		03A75DD62C138FFC007B756C /* Frameworks */ = {
			isa = PBXFrameworksBuildPhase;
			buildActionMask = 2147483647;
			files = (
			);
			runOnlyForDeploymentPostprocessing = 0;
		};
/* End PBXFrameworksBuildPhase section */

/* Begin PBXGroup section */
		03A75DB62C138FFA007B756C = {
			isa = PBXGroup;
			children = (
				03A75DC12C138FFA007B756C /* PhotoSaver */,
				03A75DD22C138FFC007B756C /* PhotoSaverTests */,
				03A75DDC2C138FFC007B756C /* PhotoSaverUITests */,
				03A75DC02C138FFA007B756C /* Products */,
			);
			sourceTree = "<group>";
		};
		03A75DC02C138FFA007B756C /* Products */ = {
			isa = PBXGroup;
			children = (
				03A75DBF2C138FFA007B756C /* PhotoSaver.app */,
				03A75DCF2C138FFC007B756C /* PhotoSaverTests.xctest */,
				03A75DD92C138FFC007B756C /* PhotoSaverUITests.xctest */,
			);
			name = Products;
			sourceTree = "<group>";
		};
		03A75DC12C138FFA007B756C /* PhotoSaver */ = {
			isa = PBXGroup;
			children = (
				03A75DC22C138FFA007B756C /* PhotoSaverApp.swift */,
				03A75DF02C140EEC007B756C /* EditImage.swift */,
				03A75DC42C138FFA007B756C /* ContentView.swift */,
				03A75DEE2C13956C007B756C /* PhotoItem.swift */,
				03A75DC62C138FFB007B756C /* Assets.xcassets */,
				03A75DC82C138FFB007B756C /* Preview Content */,
			);
			path = PhotoSaver;
			sourceTree = "<group>";
		};
		03A75DC82C138FFB007B756C /* Preview Content */ = {
			isa = PBXGroup;
			children = (
				03A75DC92C138FFB007B756C /* Preview Assets.xcassets */,
			);
			path = "Preview Content";
			sourceTree = "<group>";
		};
		03A75DD22C138FFC007B756C /* PhotoSaverTests */ = {
			isa = PBXGroup;
			children = (
				03A75DD32C138FFC007B756C /* PhotoSaverTests.swift */,
			);
			path = PhotoSaverTests;
			sourceTree = "<group>";
		};
		03A75DDC2C138FFC007B756C /* PhotoSaverUITests */ = {
			isa = PBXGroup;
			children = (
				03A75DDD2C138FFC007B756C /* PhotoSaverUITests.swift */,
				03A75DDF2C138FFC007B756C /* PhotoSaverUITestsLaunchTests.swift */,
			);
			path = PhotoSaverUITests;
			sourceTree = "<group>";
		};
/* End PBXGroup section */

/* Begin PBXNativeTarget section */
		03A75DBE2C138FFA007B756C /* PhotoSaver */ = {
			isa = PBXNativeTarget;
			buildConfigurationList = 03A75DE32C138FFC007B756C /* Build configuration list for PBXNativeTarget "PhotoSaver" */;
			buildPhases = (
				03A75DBB2C138FFA007B756C /* Sources */,
				03A75DBC2C138FFA007B756C /* Frameworks */,
				03A75DBD2C138FFA007B756C /* Resources */,
			);
			buildRules = (
			);
			dependencies = (
			);
			name = PhotoSaver;
			productName = PhotoSaver;
			productReference = 03A75DBF2C138FFA007B756C /* PhotoSaver.app */;
			productType = "com.apple.product-type.application";
		};
		03A75DCE2C138FFC007B756C /* PhotoSaverTests */ = {
			isa = PBXNativeTarget;
			buildConfigurationList = 03A75DE62C138FFC007B756C /* Build configuration list for PBXNativeTarget "PhotoSaverTests" */;
			buildPhases = (
				03A75DCB2C138FFC007B756C /* Sources */,
				03A75DCC2C138FFC007B756C /* Frameworks */,
				03A75DCD2C138FFC007B756C /* Resources */,
			);
			buildRules = (
			);
			dependencies = (
				03A75DD12C138FFC007B756C /* PBXTargetDependency */,
			);
			name = PhotoSaverTests;
			productName = PhotoSaverTests;
			productReference = 03A75DCF2C138FFC007B756C /* PhotoSaverTests.xctest */;
			productType = "com.apple.product-type.bundle.unit-test";
		};
		03A75DD82C138FFC007B756C /* PhotoSaverUITests */ = {
			isa = PBXNativeTarget;
			buildConfigurationList = 03A75DE92C138FFC007B756C /* Build configuration list for PBXNativeTarget "PhotoSaverUITests" */;
			buildPhases = (
				03A75DD52C138FFC007B756C /* Sources */,
				03A75DD62C138FFC007B756C /* Frameworks */,
				03A75DD72C138FFC007B756C /* Resources */,
			);
			buildRules = (
			);
			dependencies = (
				03A75DDB2C138FFC007B756C /* PBXTargetDependency */,
			);
			name = PhotoSaverUITests;
			productName = PhotoSaverUITests;
			productReference = 03A75DD92C138FFC007B756C /* PhotoSaverUITests.xctest */;
			productType = "com.apple.product-type.bundle.ui-testing";
		};
/* End PBXNativeTarget section */

/* Begin PBXProject section */
		03A75DB72C138FFA007B756C /* Project object */ = {
			isa = PBXProject;
			attributes = {
				BuildIndependentTargetsInParallel = 1;
				LastSwiftUpdateCheck = 1530;
				LastUpgradeCheck = 1530;
				TargetAttributes = {
					03A75DBE2C138FFA007B756C = {
						CreatedOnToolsVersion = 15.3;
					};
					03A75DCE2C138FFC007B756C = {
						CreatedOnToolsVersion = 15.3;
						TestTargetID = 03A75DBE2C138FFA007B756C;
					};
					03A75DD82C138FFC007B756C = {
						CreatedOnToolsVersion = 15.3;
						TestTargetID = 03A75DBE2C138FFA007B756C;
					};
				};
			};
			buildConfigurationList = 03A75DBA2C138FFA007B756C /* Build configuration list for PBXProject "PhotoSaver" */;
			compatibilityVersion = "Xcode 14.0";
			developmentRegion = en;
			hasScannedForEncodings = 0;
			knownRegions = (
				en,
				Base,
			);
			mainGroup = 03A75DB62C138FFA007B756C;
			productRefGroup = 03A75DC02C138FFA007B756C /* Products */;
			projectDirPath = "";
			projectRoot = "";
			targets = (
				03A75DBE2C138FFA007B756C /* PhotoSaver */,
				03A75DCE2C138FFC007B756C /* PhotoSaverTests */,
				03A75DD82C138FFC007B756C /* PhotoSaverUITests */,
			);
		};
/* End PBXProject section */

/* Begin PBXResourcesBuildPhase section */
		03A75DBD2C138FFA007B756C /* Resources */ = {
			isa = PBXResourcesBuildPhase;
			buildActionMask = 2147483647;
			files = (
				03A75DCA2C138FFB007B756C /* Preview Assets.xcassets in Resources */,
				03A75DC72C138FFB007B756C /* Assets.xcassets in Resources */,
			);
			runOnlyForDeploymentPostprocessing = 0;
		};
		03A75DCD2C138FFC007B756C /* Resources */ = {
			isa = PBXResourcesBuildPhase;
			buildActionMask = 2147483647;
			files = (
			);
			runOnlyForDeploymentPostprocessing = 0;
		};
		03A75DD72C138FFC007B756C /* Resources */ = {
			isa = PBXResourcesBuildPhase;
			buildActionMask = 2147483647;
			files = (
			);
			runOnlyForDeploymentPostprocessing = 0;
		};
/* End PBXResourcesBuildPhase section */

/* Begin PBXSourcesBuildPhase section */
		03A75DBB2C138FFA007B756C /* Sources */ = {
			isa = PBXSourcesBuildPhase;
			buildActionMask = 2147483647;
			files = (
				03A75DC52C138FFA007B756C /* ContentView.swift in Sources */,
				03A75DC32C138FFA007B756C /* PhotoSaverApp.swift in Sources */,
				03A75DEF2C13956C007B756C /* PhotoItem.swift in Sources */,
				03A75DF12C140EEC007B756C /* EditImage.swift in Sources */,
			);
			runOnlyForDeploymentPostprocessing = 0;
		};
		03A75DCB2C138FFC007B756C /* Sources */ = {
			isa = PBXSourcesBuildPhase;
			buildActionMask = 2147483647;
			files = (
				03A75DD42C138FFC007B756C /* PhotoSaverTests.swift in Sources */,
			);
			runOnlyForDeploymentPostprocessing = 0;
		};
		03A75DD52C138FFC007B756C /* Sources */ = {
			isa = PBXSourcesBuildPhase;
			buildActionMask = 2147483647;
			files = (
				03A75DDE2C138FFC007B756C /* PhotoSaverUITests.swift in Sources */,
				03A75DE02C138FFC007B756C /* PhotoSaverUITestsLaunchTests.swift in Sources */,
			);
			runOnlyForDeploymentPostprocessing = 0;
		};
/* End PBXSourcesBuildPhase section */

/* Begin PBXTargetDependency section */
		03A75DD12C138FFC007B756C /* PBXTargetDependency */ = {
			isa = PBXTargetDependency;
			target = 03A75DBE2C138FFA007B756C /* PhotoSaver */;
			targetProxy = 03A75DD02C138FFC007B756C /* PBXContainerItemProxy */;
		};
		03A75DDB2C138FFC007B756C /* PBXTargetDependency */ = {
			isa = PBXTargetDependency;
			target = 03A75DBE2C138FFA007B756C /* PhotoSaver */;
			targetProxy = 03A75DDA2C138FFC007B756C /* PBXContainerItemProxy */;
		};
/* End PBXTargetDependency section */

/* Begin XCBuildConfiguration section */
		03A75DE12C138FFC007B756C /* Debug */ = {
			isa = XCBuildConfiguration;
			buildSettings = {
				ALWAYS_SEARCH_USER_PATHS = NO;
				ASSETCATALOG_COMPILER_GENERATE_SWIFT_ASSET_SYMBOL_EXTENSIONS = YES;
				CLANG_ANALYZER_NONNULL = YES;
				CLANG_ANALYZER_NUMBER_OBJECT_CONVERSION = YES_AGGRESSIVE;
				CLANG_CXX_LANGUAGE_STANDARD = "gnu++20";
				CLANG_ENABLE_MODULES = YES;
				CLANG_ENABLE_OBJC_ARC = YES;
				CLANG_ENABLE_OBJC_WEAK = YES;
				CLANG_WARN_BLOCK_CAPTURE_AUTORELEASING = YES;
				CLANG_WARN_BOOL_CONVERSION = YES;
				CLANG_WARN_COMMA = YES;
				CLANG_WARN_CONSTANT_CONVERSION = YES;
				CLANG_WARN_DEPRECATED_OBJC_IMPLEMENTATIONS = YES;
				CLANG_WARN_DIRECT_OBJC_ISA_USAGE = YES_ERROR;
				CLANG_WARN_DOCUMENTATION_COMMENTS = YES;
				CLANG_WARN_EMPTY_BODY = YES;
				CLANG_WARN_ENUM_CONVERSION = YES;
				CLANG_WARN_INFINITE_RECURSION = YES;
				CLANG_WARN_INT_CONVERSION = YES;
				CLANG_WARN_NON_LITERAL_NULL_CONVERSION = YES;
				CLANG_WARN_OBJC_IMPLICIT_RETAIN_SELF = YES;
				CLANG_WARN_OBJC_LITERAL_CONVERSION = YES;
				CLANG_WARN_OBJC_ROOT_CLASS = YES_ERROR;
				CLANG_WARN_QUOTED_INCLUDE_IN_FRAMEWORK_HEADER = YES;
				CLANG_WARN_RANGE_LOOP_ANALYSIS = YES;
				CLANG_WARN_STRICT_PROTOTYPES = YES;
				CLANG_WARN_SUSPICIOUS_MOVE = YES;
				CLANG_WARN_UNGUARDED_AVAILABILITY = YES_AGGRESSIVE;
				CLANG_WARN_UNREACHABLE_CODE = YES;
				CLANG_WARN__DUPLICATE_METHOD_MATCH = YES;
				COPY_PHASE_STRIP = NO;
				DEBUG_INFORMATION_FORMAT = dwarf;
				ENABLE_STRICT_OBJC_MSGSEND = YES;
				ENABLE_TESTABILITY = YES;
				ENABLE_USER_SCRIPT_SANDBOXING = YES;
				GCC_C_LANGUAGE_STANDARD = gnu17;
				GCC_DYNAMIC_NO_PIC = NO;
				GCC_NO_COMMON_BLOCKS = YES;
				GCC_OPTIMIZATION_LEVEL = 0;
				GCC_PREPROCESSOR_DEFINITIONS = (
					"DEBUG=1",
					"$(inherited)",
				);
				GCC_WARN_64_TO_32_BIT_CONVERSION = YES;
				GCC_WARN_ABOUT_RETURN_TYPE = YES_ERROR;
				GCC_WARN_UNDECLARED_SELECTOR = YES;
				GCC_WARN_UNINITIALIZED_AUTOS = YES_AGGRESSIVE;
				GCC_WARN_UNUSED_FUNCTION = YES;
				GCC_WARN_UNUSED_VARIABLE = YES;
				IPHONEOS_DEPLOYMENT_TARGET = 17.4;
				LOCALIZATION_PREFERS_STRING_CATALOGS = YES;
				MTL_ENABLE_DEBUG_INFO = INCLUDE_SOURCE;
				MTL_FAST_MATH = YES;
				ONLY_ACTIVE_ARCH = YES;
				SDKROOT = iphoneos;
				SWIFT_ACTIVE_COMPILATION_CONDITIONS = "DEBUG $(inherited)";
				SWIFT_OPTIMIZATION_LEVEL = "-Onone";
			};
			name = Debug;
		};
		03A75DE22C138FFC007B756C /* Release */ = {
			isa = XCBuildConfiguration;
			buildSettings = {
				ALWAYS_SEARCH_USER_PATHS = NO;
				ASSETCATALOG_COMPILER_GENERATE_SWIFT_ASSET_SYMBOL_EXTENSIONS = YES;
				CLANG_ANALYZER_NONNULL = YES;
				CLANG_ANALYZER_NUMBER_OBJECT_CONVERSION = YES_AGGRESSIVE;
				CLANG_CXX_LANGUAGE_STANDARD = "gnu++20";
				CLANG_ENABLE_MODULES = YES;
				CLANG_ENABLE_OBJC_ARC = YES;
				CLANG_ENABLE_OBJC_WEAK = YES;
				CLANG_WARN_BLOCK_CAPTURE_AUTORELEASING = YES;
				CLANG_WARN_BOOL_CONVERSION = YES;
				CLANG_WARN_COMMA = YES;
				CLANG_WARN_CONSTANT_CONVERSION = YES;
				CLANG_WARN_DEPRECATED_OBJC_IMPLEMENTATIONS = YES;
				CLANG_WARN_DIRECT_OBJC_ISA_USAGE = YES_ERROR;
				CLANG_WARN_DOCUMENTATION_COMMENTS = YES;
				CLANG_WARN_EMPTY_BODY = YES;
				CLANG_WARN_ENUM_CONVERSION = YES;
				CLANG_WARN_INFINITE_RECURSION = YES;
				CLANG_WARN_INT_CONVERSION = YES;
				CLANG_WARN_NON_LITERAL_NULL_CONVERSION = YES;
				CLANG_WARN_OBJC_IMPLICIT_RETAIN_SELF = YES;
				CLANG_WARN_OBJC_LITERAL_CONVERSION = YES;
				CLANG_WARN_OBJC_ROOT_CLASS = YES_ERROR;
				CLANG_WARN_QUOTED_INCLUDE_IN_FRAMEWORK_HEADER = YES;
				CLANG_WARN_RANGE_LOOP_ANALYSIS = YES;
				CLANG_WARN_STRICT_PROTOTYPES = YES;
				CLANG_WARN_SUSPICIOUS_MOVE = YES;
				CLANG_WARN_UNGUARDED_AVAILABILITY = YES_AGGRESSIVE;
				CLANG_WARN_UNREACHABLE_CODE = YES;
				CLANG_WARN__DUPLICATE_METHOD_MATCH = YES;
				COPY_PHASE_STRIP = NO;
				DEBUG_INFORMATION_FORMAT = "dwarf-with-dsym";
				ENABLE_NS_ASSERTIONS = NO;
				ENABLE_STRICT_OBJC_MSGSEND = YES;
				ENABLE_USER_SCRIPT_SANDBOXING = YES;
				GCC_C_LANGUAGE_STANDARD = gnu17;
				GCC_NO_COMMON_BLOCKS = YES;
				GCC_WARN_64_TO_32_BIT_CONVERSION = YES;
				GCC_WARN_ABOUT_RETURN_TYPE = YES_ERROR;
				GCC_WARN_UNDECLARED_SELECTOR = YES;
				GCC_WARN_UNINITIALIZED_AUTOS = YES_AGGRESSIVE;
				GCC_WARN_UNUSED_FUNCTION = YES;
				GCC_WARN_UNUSED_VARIABLE = YES;
				IPHONEOS_DEPLOYMENT_TARGET = 17.4;
				LOCALIZATION_PREFERS_STRING_CATALOGS = YES;
				MTL_ENABLE_DEBUG_INFO = NO;
				MTL_FAST_MATH = YES;
				SDKROOT = iphoneos;
				SWIFT_COMPILATION_MODE = wholemodule;
				VALIDATE_PRODUCT = YES;
			};
			name = Release;
		};
		03A75DE42C138FFC007B756C /* Debug */ = {
			isa = XCBuildConfiguration;
			buildSettings = {
				ASSETCATALOG_COMPILER_APPICON_NAME = AppIcon;
				ASSETCATALOG_COMPILER_GLOBAL_ACCENT_COLOR_NAME = AccentColor;
				CODE_SIGN_IDENTITY = "Apple Development";
				CODE_SIGN_STYLE = Automatic;
				CURRENT_PROJECT_VERSION = 1;
				DEVELOPMENT_ASSET_PATHS = "\"PhotoSaver/Preview Content\"";
				DEVELOPMENT_TEAM = 55DW573EQF;
				ENABLE_PREVIEWS = YES;
				GENERATE_INFOPLIST_FILE = YES;
				INFOPLIST_KEY_UIApplicationSceneManifest_Generation = YES;
				INFOPLIST_KEY_UIApplicationSupportsIndirectInputEvents = YES;
				INFOPLIST_KEY_UILaunchScreen_Generation = YES;
				INFOPLIST_KEY_UISupportedInterfaceOrientations_iPad = "UIInterfaceOrientationPortrait UIInterfaceOrientationPortraitUpsideDown UIInterfaceOrientationLandscapeLeft UIInterfaceOrientationLandscapeRight";
				INFOPLIST_KEY_UISupportedInterfaceOrientations_iPhone = "UIInterfaceOrientationPortrait UIInterfaceOrientationLandscapeLeft UIInterfaceOrientationLandscapeRight";
				LD_RUNPATH_SEARCH_PATHS = (
					"$(inherited)",
					"@executable_path/Frameworks",
				);
				MARKETING_VERSION = 1.0;
				PRODUCT_BUNDLE_IDENTIFIER = com.tutorialapp.picturetest;
				PRODUCT_NAME = "$(TARGET_NAME)";
				PROVISIONING_PROFILE_SPECIFIER = "";
				SWIFT_EMIT_LOC_STRINGS = YES;
				SWIFT_VERSION = 5.0;
				TARGETED_DEVICE_FAMILY = "1,2";
			};
			name = Debug;
		};
		03A75DE52C138FFC007B756C /* Release */ = {
			isa = XCBuildConfiguration;
			buildSettings = {
				ASSETCATALOG_COMPILER_APPICON_NAME = AppIcon;
				ASSETCATALOG_COMPILER_GLOBAL_ACCENT_COLOR_NAME = AccentColor;
				CODE_SIGN_IDENTITY = "Apple Development";
				CODE_SIGN_STYLE = Automatic;
				CURRENT_PROJECT_VERSION = 1;
				DEVELOPMENT_ASSET_PATHS = "\"PhotoSaver/Preview Content\"";
				DEVELOPMENT_TEAM = 55DW573EQF;
				ENABLE_PREVIEWS = YES;
				GENERATE_INFOPLIST_FILE = YES;
				INFOPLIST_KEY_UIApplicationSceneManifest_Generation = YES;
				INFOPLIST_KEY_UIApplicationSupportsIndirectInputEvents = YES;
				INFOPLIST_KEY_UILaunchScreen_Generation = YES;
				INFOPLIST_KEY_UISupportedInterfaceOrientations_iPad = "UIInterfaceOrientationPortrait UIInterfaceOrientationPortraitUpsideDown UIInterfaceOrientationLandscapeLeft UIInterfaceOrientationLandscapeRight";
				INFOPLIST_KEY_UISupportedInterfaceOrientations_iPhone = "UIInterfaceOrientationPortrait UIInterfaceOrientationLandscapeLeft UIInterfaceOrientationLandscapeRight";
				LD_RUNPATH_SEARCH_PATHS = (
					"$(inherited)",
					"@executable_path/Frameworks",
				);
				MARKETING_VERSION = 1.0;
				PRODUCT_BUNDLE_IDENTIFIER = com.tutorialapp.picturetest;
				PRODUCT_NAME = "$(TARGET_NAME)";
				PROVISIONING_PROFILE_SPECIFIER = "";
				SWIFT_EMIT_LOC_STRINGS = YES;
				SWIFT_VERSION = 5.0;
				TARGETED_DEVICE_FAMILY = "1,2";
			};
			name = Release;
		};
		03A75DE72C138FFC007B756C /* Debug */ = {
			isa = XCBuildConfiguration;
			buildSettings = {
				ALWAYS_EMBED_SWIFT_STANDARD_LIBRARIES = YES;
				BUNDLE_LOADER = "$(TEST_HOST)";
				CODE_SIGN_STYLE = Automatic;
				CURRENT_PROJECT_VERSION = 1;
				DEVELOPMENT_TEAM = SBPN46G7KR;
				GENERATE_INFOPLIST_FILE = YES;
				IPHONEOS_DEPLOYMENT_TARGET = 17.4;
				MARKETING_VERSION = 1.0;
				PRODUCT_BUNDLE_IDENTIFIER = com.interview.app.PhotoSaverTests;
				PRODUCT_NAME = "$(TARGET_NAME)";
				SWIFT_EMIT_LOC_STRINGS = NO;
				SWIFT_VERSION = 5.0;
				TARGETED_DEVICE_FAMILY = "1,2";
				TEST_HOST = "$(BUILT_PRODUCTS_DIR)/PhotoSaver.app/$(BUNDLE_EXECUTABLE_FOLDER_PATH)/PhotoSaver";
			};
			name = Debug;
		};
		03A75DE82C138FFC007B756C /* Release */ = {
			isa = XCBuildConfiguration;
			buildSettings = {
				ALWAYS_EMBED_SWIFT_STANDARD_LIBRARIES = YES;
				BUNDLE_LOADER = "$(TEST_HOST)";
				CODE_SIGN_STYLE = Automatic;
				CURRENT_PROJECT_VERSION = 1;
				DEVELOPMENT_TEAM = SBPN46G7KR;
				GENERATE_INFOPLIST_FILE = YES;
				IPHONEOS_DEPLOYMENT_TARGET = 17.4;
				MARKETING_VERSION = 1.0;
				PRODUCT_BUNDLE_IDENTIFIER = com.interview.app.PhotoSaverTests;
				PRODUCT_NAME = "$(TARGET_NAME)";
				SWIFT_EMIT_LOC_STRINGS = NO;
				SWIFT_VERSION = 5.0;
				TARGETED_DEVICE_FAMILY = "1,2";
				TEST_HOST = "$(BUILT_PRODUCTS_DIR)/PhotoSaver.app/$(BUNDLE_EXECUTABLE_FOLDER_PATH)/PhotoSaver";
			};
			name = Release;
		};
		03A75DEA2C138FFC007B756C /* Debug */ = {
			isa = XCBuildConfiguration;
			buildSettings = {
				ALWAYS_EMBED_SWIFT_STANDARD_LIBRARIES = YES;
				CODE_SIGN_STYLE = Automatic;
				CURRENT_PROJECT_VERSION = 1;
				DEVELOPMENT_TEAM = SBPN46G7KR;
				GENERATE_INFOPLIST_FILE = YES;
				MARKETING_VERSION = 1.0;
				PRODUCT_BUNDLE_IDENTIFIER = com.interview.app.PhotoSaverUITests;
				PRODUCT_NAME = "$(TARGET_NAME)";
				SWIFT_EMIT_LOC_STRINGS = NO;
				SWIFT_VERSION = 5.0;
				TARGETED_DEVICE_FAMILY = "1,2";
				TEST_TARGET_NAME = PhotoSaver;
			};
			name = Debug;
		};
		03A75DEB2C138FFC007B756C /* Release */ = {
			isa = XCBuildConfiguration;
			buildSettings = {
				ALWAYS_EMBED_SWIFT_STANDARD_LIBRARIES = YES;
				CODE_SIGN_STYLE = Automatic;
				CURRENT_PROJECT_VERSION = 1;
				DEVELOPMENT_TEAM = SBPN46G7KR;
				GENERATE_INFOPLIST_FILE = YES;
				MARKETING_VERSION = 1.0;
				PRODUCT_BUNDLE_IDENTIFIER = com.interview.app.PhotoSaverUITests;
				PRODUCT_NAME = "$(TARGET_NAME)";
				SWIFT_EMIT_LOC_STRINGS = NO;
				SWIFT_VERSION = 5.0;
				TARGETED_DEVICE_FAMILY = "1,2";
				TEST_TARGET_NAME = PhotoSaver;
			};
			name = Release;
		};
/* End XCBuildConfiguration section */

/* Begin XCConfigurationList section */
		03A75DBA2C138FFA007B756C /* Build configuration list for PBXProject "PhotoSaver" */ = {
			isa = XCConfigurationList;
			buildConfigurations = (
				03A75DE12C138FFC007B756C /* Debug */,
				03A75DE22C138FFC007B756C /* Release */,
			);
			defaultConfigurationIsVisible = 0;
			defaultConfigurationName = Release;
		};
		03A75DE32C138FFC007B756C /* Build configuration list for PBXNativeTarget "PhotoSaver" */ = {
			isa = XCConfigurationList;
			buildConfigurations = (
				03A75DE42C138FFC007B756C /* Debug */,
				03A75DE52C138FFC007B756C /* Release */,
			);
			defaultConfigurationIsVisible = 0;
			defaultConfigurationName = Release;
		};
		03A75DE62C138FFC007B756C /* Build configuration list for PBXNativeTarget "PhotoSaverTests" */ = {
			isa = XCConfigurationList;
			buildConfigurations = (
				03A75DE72C138FFC007B756C /* Debug */,
				03A75DE82C138FFC007B756C /* Release */,
			);
			defaultConfigurationIsVisible = 0;
			defaultConfigurationName = Release;
		};
		03A75DE92C138FFC007B756C /* Build configuration list for PBXNativeTarget "PhotoSaverUITests" */ = {
			isa = XCConfigurationList;
			buildConfigurations = (
				03A75DEA2C138FFC007B756C /* Debug */,
				03A75DEB2C138FFC007B756C /* Release */,
			);
			defaultConfigurationIsVisible = 0;
			defaultConfigurationName = Release;
		};
/* End XCConfigurationList section */
	};
	rootObject = 03A75DB72C138FFA007B756C /* Project object */;
}
